
Microsoft Visual Studio Solution File, Format Version 12.00
# Visual Studio Version 17
VisualStudioVersion = 17.7.34031.279
MinimumVisualStudioVersion = 10.0.40219.1
Project("{8BC9CEB8-8B4A-11D0-8D11-00A0C91BC942}") = "PR_7.3_iter", "PR_7.3_iter.vcxproj", "{3EF12253-2216-42C6-B297-33F9B964B90A}"
EndProject
Project("{8BC9CEB8-8B4A-11D0-8D11-00A0C91BC942}") = "UnitTest1", "UnitTest1\UnitTest1.vcxproj", "{B27A7A91-33DE-4C9D-B186-5E280BD003BE}"
EndProject
Global
	GlobalSection(SolutionConfigurationPlatforms) = preSolution
		Debug|x64 = Debug|x64
		Debug|x86 = Debug|x86
		Release|x64 = Release|x64
		Release|x86 = Release|x86
	EndGlobalSection
	GlobalSection(ProjectConfigurationPlatforms) = postSolution
		{3EF12253-2216-42C6-B297-33F9B964B90A}.Debug|x64.ActiveCfg = Debug|x64
		{3EF12253-2216-42C6-B297-33F9B964B90A}.Debug|x64.Build.0 = Debug|x64
		{3EF12253-2216-42C6-B297-33F9B964B90A}.Debug|x86.ActiveCfg = Debug|Win32
		{3EF12253-2216-42C6-B297-33F9B964B90A}.Debug|x86.Build.0 = Debug|Win32
		{3EF12253-2216-42C6-B297-33F9B964B90A}.Release|x64.ActiveCfg = Release|x64
		{3EF12253-2216-42C6-B297-33F9B964B90A}.Release|x64.Build.0 = Release|x64
		{3EF12253-2216-42C6-B297-33F9B964B90A}.Release|x86.ActiveCfg = Release|Win32
		{3EF12253-2216-42C6-B297-33F9B964B90A}.Release|x86.Build.0 = Release|Win32
		{B27A7A91-33DE-4C9D-B186-5E280BD003BE}.Debug|x64.ActiveCfg = Debug|x64
		{B27A7A91-33DE-4C9D-B186-5E280BD003BE}.Debug|x64.Build.0 = Debug|x64
		{B27A7A91-33DE-4C9D-B186-5E280BD003BE}.Debug|x86.ActiveCfg = Debug|Win32
		{B27A7A91-33DE-4C9D-B186-5E280BD003BE}.Debug|x86.Build.0 = Debug|Win32
		{B27A7A91-33DE-4C9D-B186-5E280BD003BE}.Release|x64.ActiveCfg = Release|x64
		{B27A7A91-33DE-4C9D-B186-5E280BD003BE}.Release|x64.Build.0 = Release|x64
		{B27A7A91-33DE-4C9D-B186-5E280BD003BE}.Release|x86.ActiveCfg = Release|Win32
		{B27A7A91-33DE-4C9D-B186-5E280BD003BE}.Release|x86.Build.0 = Release|Win32
	EndGlobalSection
	GlobalSection(SolutionProperties) = preSolution
		HideSolutionNode = FALSE
	EndGlobalSection
	GlobalSection(ExtensibilityGlobals) = postSolution
		SolutionGuid = {7F54755F-4023-4FC7-86E3-241E2324468D}
	EndGlobalSection
EndGlobal
